
Microsoft Visual Studio Solution File, Format Version 12.00
# Visual Studio Version 16
VisualStudioVersion = 16.0.31424.327
MinimumVisualStudioVersion = 10.0.40219.1
Project("{8BC9CEB8-8B4A-11D0-8D11-00A0C91BC942}") = "MinimaxAlgoritmasi", "MinimaxAlgoritmasi\MinimaxAlgoritmasi.vcxproj", "{C455DF23-2860-460E-BCFC-072E4696E46F}"
EndProject
Global
	GlobalSection(SolutionConfigurationPlatforms) = preSolution
		Debug|x64 = Debug|x64
		Debug|x86 = Debug|x86
		Release|x64 = Release|x64
		Release|x86 = Release|x86
	EndGlobalSection
	GlobalSection(ProjectConfigurationPlatforms) = postSolution
		{C455DF23-2860-460E-BCFC-072E4696E46F}.Debug|x64.ActiveCfg = Debug|x64
		{C455DF23-2860-460E-BCFC-072E4696E46F}.Debug|x64.Build.0 = Debug|x64
		{C455DF23-2860-460E-BCFC-072E4696E46F}.Debug|x86.ActiveCfg = Debug|Win32
		{C455DF23-2860-460E-BCFC-072E4696E46F}.Debug|x86.Build.0 = Debug|Win32
		{C455DF23-2860-460E-BCFC-072E4696E46F}.Release|x64.ActiveCfg = Release|x64
		{C455DF23-2860-460E-BCFC-072E4696E46F}.Release|x64.Build.0 = Release|x64
		{C455DF23-2860-460E-BCFC-072E4696E46F}.Release|x86.ActiveCfg = Release|Win32
		{C455DF23-2860-460E-BCFC-072E4696E46F}.Release|x86.Build.0 = Release|Win32
	EndGlobalSection
	GlobalSection(SolutionProperties) = preSolution
		HideSolutionNode = FALSE
	EndGlobalSection
	GlobalSection(ExtensibilityGlobals) = postSolution
		SolutionGuid = {3F122E42-9D9C-43BB-B0FD-92CB95AC10AD}
	EndGlobalSection
EndGlobal
